// !$*UTF8*$!
{
	archiveVersion = 1;
	classes = {
	};
	objectVersion = 46;
	objects = {

/* Begin PBXBuildFile section */
		6433D446FC300DD02A9AEA4C /* Pods_bicyclenavi.framework in Frameworks */ = {isa = PBXBuildFile; fileRef = 622C8F24A127D1417DF795BC /* Pods_bicyclenavi.framework */; };
		6897B5B41DDF28B7008B3042 /* AppDelegate.swift in Sources */ = {isa = PBXBuildFile; fileRef = 6897B5B31DDF28B7008B3042 /* AppDelegate.swift */; };
		6897B5B61DDF28B7008B3042 /* ViewController.swift in Sources */ = {isa = PBXBuildFile; fileRef = 6897B5B51DDF28B7008B3042 /* ViewController.swift */; };
		6897B5B91DDF28B7008B3042 /* Main.storyboard in Resources */ = {isa = PBXBuildFile; fileRef = 6897B5B71DDF28B7008B3042 /* Main.storyboard */; };
		6897B5BB1DDF28B7008B3042 /* Assets.xcassets in Resources */ = {isa = PBXBuildFile; fileRef = 6897B5BA1DDF28B7008B3042 /* Assets.xcassets */; };
		6897B5BE1DDF28B7008B3042 /* LaunchScreen.storyboard in Resources */ = {isa = PBXBuildFile; fileRef = 6897B5BC1DDF28B7008B3042 /* LaunchScreen.storyboard */; };
/* End PBXBuildFile section */

/* Begin PBXFileReference section */
		39CED512419013AA0DDA2903 /* Pods-bicyclenavi.release.xcconfig */ = {isa = PBXFileReference; includeInIndex = 1; lastKnownFileType = text.xcconfig; name = "Pods-bicyclenavi.release.xcconfig"; path = "Pods/Target Support Files/Pods-bicyclenavi/Pods-bicyclenavi.release.xcconfig"; sourceTree = "<group>"; };
		622C8F24A127D1417DF795BC /* Pods_bicyclenavi.framework */ = {isa = PBXFileReference; explicitFileType = wrapper.framework; includeInIndex = 0; path = Pods_bicyclenavi.framework; sourceTree = BUILT_PRODUCTS_DIR; };
		6897B5B01DDF28B7008B3042 /* bicyclenavi.app */ = {isa = PBXFileReference; explicitFileType = wrapper.application; includeInIndex = 0; path = bicyclenavi.app; sourceTree = BUILT_PRODUCTS_DIR; };
		6897B5B31DDF28B7008B3042 /* AppDelegate.swift */ = {isa = PBXFileReference; lastKnownFileType = sourcecode.swift; path = AppDelegate.swift; sourceTree = "<group>"; };
		6897B5B51DDF28B7008B3042 /* ViewController.swift */ = {isa = PBXFileReference; lastKnownFileType = sourcecode.swift; path = ViewController.swift; sourceTree = "<group>"; };
		6897B5B81DDF28B7008B3042 /* Base */ = {isa = PBXFileReference; lastKnownFileType = file.storyboard; name = Base; path = Base.lproj/Main.storyboard; sourceTree = "<group>"; };
		6897B5BA1DDF28B7008B3042 /* Assets.xcassets */ = {isa = PBXFileReference; lastKnownFileType = folder.assetcatalog; path = Assets.xcassets; sourceTree = "<group>"; };
		6897B5BD1DDF28B7008B3042 /* Base */ = {isa = PBXFileReference; lastKnownFileType = file.storyboard; name = Base; path = Base.lproj/LaunchScreen.storyboard; sourceTree = "<group>"; };
		6897B5BF1DDF28B7008B3042 /* Info.plist */ = {isa = PBXFileReference; lastKnownFileType = text.plist.xml; path = Info.plist; sourceTree = "<group>"; };
		8735902386772CAC974DFC13 /* Pods-bicyclenavi.debug.xcconfig */ = {isa = PBXFileReference; includeInIndex = 1; lastKnownFileType = text.xcconfig; name = "Pods-bicyclenavi.debug.xcconfig"; path = "Pods/Target Support Files/Pods-bicyclenavi/Pods-bicyclenavi.debug.xcconfig"; sourceTree = "<group>"; };
/* End PBXFileReference section */

/* Begin PBXFrameworksBuildPhase section */
		6897B5AD1DDF28B7008B3042 /* Frameworks */ = {
			isa = PBXFrameworksBuildPhase;
			buildActionMask = 2147483647;
			files = (
				6433D446FC300DD02A9AEA4C /* Pods_bicyclenavi.framework in Frameworks */,
			);
			runOnlyForDeploymentPostprocessing = 0;
		};
/* End PBXFrameworksBuildPhase section */

/* Begin PBXGroup section */
		2A31E2E86D97C3FF8FB4FA0F /* Frameworks */ = {
			isa = PBXGroup;
			children = (
				622C8F24A127D1417DF795BC /* Pods_bicyclenavi.framework */,
			);
			name = Frameworks;
			sourceTree = "<group>";
		};
		6897B5A71DDF28B7008B3042 = {
			isa = PBXGroup;
			children = (
				6897B5B21DDF28B7008B3042 /* bicyclenavi */,
				6897B5B11DDF28B7008B3042 /* Products */,
				AF5E124F15FF7E515D233643 /* Pods */,
				2A31E2E86D97C3FF8FB4FA0F /* Frameworks */,
			);
			sourceTree = "<group>";
		};
		6897B5B11DDF28B7008B3042 /* Products */ = {
			isa = PBXGroup;
			children = (
				6897B5B01DDF28B7008B3042 /* bicyclenavi.app */,
			);
			name = Products;
			sourceTree = "<group>";
		};
		6897B5B21DDF28B7008B3042 /* bicyclenavi */ = {
			isa = PBXGroup;
			children = (
				6897B5B31DDF28B7008B3042 /* AppDelegate.swift */,
				6897B5B51DDF28B7008B3042 /* ViewController.swift */,
				6897B5B71DDF28B7008B3042 /* Main.storyboard */,
				6897B5BA1DDF28B7008B3042 /* Assets.xcassets */,
				6897B5BC1DDF28B7008B3042 /* LaunchScreen.storyboard */,
				6897B5BF1DDF28B7008B3042 /* Info.plist */,
			);
			path = bicyclenavi;
			sourceTree = "<group>";
		};
		AF5E124F15FF7E515D233643 /* Pods */ = {
			isa = PBXGroup;
			children = (
				8735902386772CAC974DFC13 /* Pods-bicyclenavi.debug.xcconfig */,
				39CED512419013AA0DDA2903 /* Pods-bicyclenavi.release.xcconfig */,
			);
			name = Pods;
			sourceTree = "<group>";
		};
/* End PBXGroup section */

/* Begin PBXNativeTarget section */
		6897B5AF1DDF28B7008B3042 /* bicyclenavi */ = {
			isa = PBXNativeTarget;
			buildConfigurationList = 6897B5C21DDF28B7008B3042 /* Build configuration list for PBXNativeTarget "bicyclenavi" */;
			buildPhases = (
				967E5834991DFCDDD77C0FDA /* [CP] Check Pods Manifest.lock */,
				6897B5AC1DDF28B7008B3042 /* Sources */,
				6897B5AD1DDF28B7008B3042 /* Frameworks */,
				6897B5AE1DDF28B7008B3042 /* Resources */,
				2401E4E0C6EFC154E8C1B0AA /* [CP] Embed Pods Frameworks */,
				2F6DD5CC56E359B541E36DA6 /* [CP] Copy Pods Resources */,
			);
			buildRules = (
			);
			dependencies = (
			);
			name = bicyclenavi;
			productName = bicyclenavi;
			productReference = 6897B5B01DDF28B7008B3042 /* bicyclenavi.app */;
			productType = "com.apple.product-type.application";
		};
/* End PBXNativeTarget section */

/* Begin PBXProject section */
		6897B5A81DDF28B7008B3042 /* Project object */ = {
			isa = PBXProject;
			attributes = {
				LastSwiftUpdateCheck = 0810;
				LastUpgradeCheck = 0810;
				ORGANIZATIONNAME = "田中潤";
				TargetAttributes = {
					6897B5AF1DDF28B7008B3042 = {
						CreatedOnToolsVersion = 8.1;
						DevelopmentTeam = N4LNYMN2YM;
						ProvisioningStyle = Automatic;
					};
				};
			};
			buildConfigurationList = 6897B5AB1DDF28B7008B3042 /* Build configuration list for PBXProject "bicyclenavi" */;
			compatibilityVersion = "Xcode 3.2";
			developmentRegion = English;
			hasScannedForEncodings = 0;
			knownRegions = (
				en,
				Base,
			);
			mainGroup = 6897B5A71DDF28B7008B3042;
			productRefGroup = 6897B5B11DDF28B7008B3042 /* Products */;
			projectDirPath = "";
			projectRoot = "";
			targets = (
				6897B5AF1DDF28B7008B3042 /* bicyclenavi */,
			);
		};
/* End PBXProject section */

/* Begin PBXResourcesBuildPhase section */
		6897B5AE1DDF28B7008B3042 /* Resources */ = {
			isa = PBXResourcesBuildPhase;
			buildActionMask = 2147483647;
			files = (
				6897B5BE1DDF28B7008B3042 /* LaunchScreen.storyboard in Resources */,
				6897B5BB1DDF28B7008B3042 /* Assets.xcassets in Resources */,
				6897B5B91DDF28B7008B3042 /* Main.storyboard in Resources */,
			);
			runOnlyForDeploymentPostprocessing = 0;
		};
/* End PBXResourcesBuildPhase section */

/* Begin PBXShellScriptBuildPhase section */
		2401E4E0C6EFC154E8C1B0AA /* [CP] Embed Pods Frameworks */ = {
			isa = PBXShellScriptBuildPhase;
			buildActionMask = 2147483647;
			files = (
			);
			inputPaths = (
			);
			name = "[CP] Embed Pods Frameworks";
			outputPaths = (
			);
			runOnlyForDeploymentPostprocessing = 0;
			shellPath = /bin/sh;
			shellScript = "\"${SRCROOT}/Pods/Target Support Files/Pods-bicyclenavi/Pods-bicyclenavi-frameworks.sh\"\n";
			showEnvVarsInLog = 0;
		};
		2F6DD5CC56E359B541E36DA6 /* [CP] Copy Pods Resources */ = {
			isa = PBXShellScriptBuildPhase;
			buildActionMask = 2147483647;
			files = (
			);
			inputPaths = (
			);
			name = "[CP] Copy Pods Resources";
			outputPaths = (
			);
			runOnlyForDeploymentPostprocessing = 0;
			shellPath = /bin/sh;
			shellScript = "\"${SRCROOT}/Pods/Target Support Files/Pods-bicyclenavi/Pods-bicyclenavi-resources.sh\"\n";
			showEnvVarsInLog = 0;
		};
		967E5834991DFCDDD77C0FDA /* [CP] Check Pods Manifest.lock */ = {
			isa = PBXShellScriptBuildPhase;
			buildActionMask = 2147483647;
			files = (
			);
			inputPaths = (
			);
			name = "[CP] Check Pods Manifest.lock";
			outputPaths = (
			);
			runOnlyForDeploymentPostprocessing = 0;
			shellPath = /bin/sh;
			shellScript = "diff \"${PODS_ROOT}/../Podfile.lock\" \"${PODS_ROOT}/Manifest.lock\" > /dev/null\nif [ $? != 0 ] ; then\n    # print error to STDERR\n    echo \"error: The sandbox is not in sync with the Podfile.lock. Run 'pod install' or update your CocoaPods installation.\" >&2\n    exit 1\nfi\n";
			showEnvVarsInLog = 0;
		};
/* End PBXShellScriptBuildPhase section */

/* Begin PBXSourcesBuildPhase section */
		6897B5AC1DDF28B7008B3042 /* Sources */ = {
			isa = PBXSourcesBuildPhase;
			buildActionMask = 2147483647;
			files = (
				6897B5B61DDF28B7008B3042 /* ViewController.swift in Sources */,
				6897B5B41DDF28B7008B3042 /* AppDelegate.swift in Sources */,
			);
			runOnlyForDeploymentPostprocessing = 0;
		};
/* End PBXSourcesBuildPhase section */

/* Begin PBXVariantGroup section */
		6897B5B71DDF28B7008B3042 /* Main.storyboard */ = {
			isa = PBXVariantGroup;
			children = (
				6897B5B81DDF28B7008B3042 /* Base */,
			);
			name = Main.storyboard;
			sourceTree = "<group>";
		};
		6897B5BC1DDF28B7008B3042 /* LaunchScreen.storyboard */ = {
			isa = PBXVariantGroup;
			children = (
				6897B5BD1DDF28B7008B3042 /* Base */,
			);
			name = LaunchScreen.storyboard;
			sourceTree = "<group>";
		};
/* End PBXVariantGroup section */

/* Begin XCBuildConfiguration section */
		6897B5C01DDF28B7008B3042 /* Debug */ = {
			isa = XCBuildConfiguration;
			buildSettings = {
				ALWAYS_SEARCH_USER_PATHS = NO;
				CLANG_ANALYZER_NONNULL = YES;
				CLANG_CXX_LANGUAGE_STANDARD = "gnu++0x";
				CLANG_CXX_LIBRARY = "libc++";
				CLANG_ENABLE_MODULES = YES;
				CLANG_ENABLE_OBJC_ARC = YES;
				CLANG_WARN_BOOL_CONVERSION = YES;
				CLANG_WARN_CONSTANT_CONVERSION = YES;
				CLANG_WARN_DIRECT_OBJC_ISA_USAGE = YES_ERROR;
				CLANG_WARN_DOCUMENTATION_COMMENTS = YES;
				CLANG_WARN_EMPTY_BODY = YES;
				CLANG_WARN_ENUM_CONVERSION = YES;
				CLANG_WARN_INFINITE_RECURSION = YES;
				CLANG_WARN_INT_CONVERSION = YES;
				CLANG_WARN_OBJC_ROOT_CLASS = YES_ERROR;
				CLANG_WARN_SUSPICIOUS_MOVES = YES;
				CLANG_WARN_UNREACHABLE_CODE = YES;
				CLANG_WARN__DUPLICATE_METHOD_MATCH = YES;
				"CODE_SIGN_IDENTITY[sdk=iphoneos*]" = "iPhone Developer";
				COPY_PHASE_STRIP = NO;
				DEBUG_INFORMATION_FORMAT = dwarf;
				ENABLE_STRICT_OBJC_MSGSEND = YES;
				ENABLE_TESTABILITY = YES;
				GCC_C_LANGUAGE_STANDARD = gnu99;
				GCC_DYNAMIC_NO_PIC = NO;
				GCC_NO_COMMON_BLOCKS = YES;
				GCC_OPTIMIZATION_LEVEL = 0;
				GCC_PREPROCESSOR_DEFINITIONS = (
					"DEBUG=1",
					"$(inherited)",
				);
				GCC_WARN_64_TO_32_BIT_CONVERSION = YES;
				GCC_WARN_ABOUT_RETURN_TYPE = YES_ERROR;
				GCC_WARN_UNDECLARED_SELECTOR = YES;
				GCC_WARN_UNINITIALIZED_AUTOS = YES_AGGRESSIVE;
				GCC_WARN_UNUSED_FUNCTION = YES;
				GCC_WARN_UNUSED_VARIABLE = YES;
				IPHONEOS_DEPLOYMENT_TARGET = 10.0;
				MTL_ENABLE_DEBUG_INFO = YES;
				ONLY_ACTIVE_ARCH = YES;
				SDKROOT = iphoneos;
				SWIFT_ACTIVE_COMPILATION_CONDITIONS = DEBUG;
				SWIFT_OPTIMIZATION_LEVEL = "-Onone";
			};
			name = Debug;
		};
		6897B5C11DDF28B7008B3042 /* Release */ = {
			isa = XCBuildConfiguration;
			buildSettings = {
				ALWAYS_SEARCH_USER_PATHS = NO;
				CLANG_ANALYZER_NONNULL = YES;
				CLANG_CXX_LANGUAGE_STANDARD = "gnu++0x";
				CLANG_CXX_LIBRARY = "libc++";
				CLANG_ENABLE_MODULES = YES;
				CLANG_ENABLE_OBJC_ARC = YES;
				CLANG_WARN_BOOL_CONVERSION = YES;
				CLANG_WARN_CONSTANT_CONVERSION = YES;
				CLANG_WARN_DIRECT_OBJC_ISA_USAGE = YES_ERROR;
				CLANG_WARN_DOCUMENTATION_COMMENTS = YES;
				CLANG_WARN_EMPTY_BODY = YES;
				CLANG_WARN_ENUM_CONVERSION = YES;
				CLANG_WARN_INFINITE_RECURSION = YES;
				CLANG_WARN_INT_CONVERSION = YES;
				CLANG_WARN_OBJC_ROOT_CLASS = YES_ERROR;
				CLANG_WARN_SUSPICIOUS_MOVES = YES;
				CLANG_WARN_UNREACHABLE_CODE = YES;
				CLANG_WARN__DUPLICATE_METHOD_MATCH = YES;
				"CODE_SIGN_IDENTITY[sdk=iphoneos*]" = "iPhone Developer";
				COPY_PHASE_STRIP = NO;
				DEBUG_INFORMATION_FORMAT = "dwarf-with-dsym";
				ENABLE_NS_ASSERTIONS = NO;
				ENABLE_STRICT_OBJC_MSGSEND = YES;
				GCC_C_LANGUAGE_STANDARD = gnu99;
				GCC_NO_COMMON_BLOCKS = YES;
				GCC_WARN_64_TO_32_BIT_CONVERSION = YES;
				GCC_WARN_ABOUT_RETURN_TYPE = YES_ERROR;
				GCC_WARN_UNDECLARED_SELECTOR = YES;
				GCC_WARN_UNINITIALIZED_AUTOS = YES_AGGRESSIVE;
				GCC_WARN_UNUSED_FUNCTION = YES;
				GCC_WARN_UNUSED_VARIABLE = YES;
				IPHONEOS_DEPLOYMENT_TARGET = 10.0;
				MTL_ENABLE_DEBUG_INFO = NO;
				SDKROOT = iphoneos;
				SWIFT_OPTIMIZATION_LEVEL = "-Owholemodule";
				VALIDATE_PRODUCT = YES;
			};
			name = Release;
		};
		6897B5C31DDF28B7008B3042 /* Debug */ = {
			isa = XCBuildConfiguration;
			baseConfigurationReference = 8735902386772CAC974DFC13 /* Pods-bicyclenavi.debug.xcconfig */;
			buildSettings = {
				ASSETCATALOG_COMPILER_APPICON_NAME = AppIcon;
				DEVELOPMENT_TEAM = N4LNYMN2YM;
				INFOPLIST_FILE = bicyclenavi/Info.plist;
				LD_RUNPATH_SEARCH_PATHS = "$(inherited) @executable_path/Frameworks";
				PRODUCT_BUNDLE_IDENTIFIER = com.jun.bicyclenavi;
				PRODUCT_NAME = "$(TARGET_NAME)";
				SWIFT_VERSION = 3.0;
			};
			name = Debug;
		};
		6897B5C41DDF28B7008B3042 /* Release */ = {
			isa = XCBuildConfiguration;
			baseConfigurationReference = 39CED512419013AA0DDA2903 /* Pods-bicyclenavi.release.xcconfig */;
			buildSettings = {
				ASSETCATALOG_COMPILER_APPICON_NAME = AppIcon;
				DEVELOPMENT_TEAM = N4LNYMN2YM;
				INFOPLIST_FILE = bicyclenavi/Info.plist;
				LD_RUNPATH_SEARCH_PATHS = "$(inherited) @executable_path/Frameworks";
				PRODUCT_BUNDLE_IDENTIFIER = com.jun.bicyclenavi;
				PRODUCT_NAME = "$(TARGET_NAME)";
				SWIFT_VERSION = 3.0;
			};
			name = Release;
		};
/* End XCBuildConfiguration section */

/* Begin XCConfigurationList section */
		6897B5AB1DDF28B7008B3042 /* Build configuration list for PBXProject "bicyclenavi" */ = {
			isa = XCConfigurationList;
			buildConfigurations = (
				6897B5C01DDF28B7008B3042 /* Debug */,
				6897B5C11DDF28B7008B3042 /* Release */,
			);
			defaultConfigurationIsVisible = 0;
			defaultConfigurationName = Release;
		};
		6897B5C21DDF28B7008B3042 /* Build configuration list for PBXNativeTarget "bicyclenavi" */ = {
			isa = XCConfigurationList;
			buildConfigurations = (
				6897B5C31DDF28B7008B3042 /* Debug */,
				6897B5C41DDF28B7008B3042 /* Release */,
			);
			defaultConfigurationIsVisible = 0;
			defaultConfigurationName = Release;
		};
/* End XCConfigurationList section */
	};
	rootObject = 6897B5A81DDF28B7008B3042 /* Project object */;
}
